{
  "name": "pistack-4play",
  "lockfileVersion": 3,
  "requires": true,
  "packages": {
    "": {
      "name": "pistack-4play",
      "dependencies": {
        "@lawlers/4play": "*"
      }
    },
    "node_modules/@lawlers/4play": {
      "version": "1.2.5",
      "resolved": "https://registry.npmjs.org/@lawlers/4play/-/4play-1.2.5.tgz",
      "integrity": "sha512-mHxCROszXwW3XWdE+OQldJcAo3Qs9bI20VME/ZiPUvz3G2kdJaDbrMSzSwVlHmju+3dydupIE48t/ektKtewhg==",
      "license": "AGPL-3.0-only",
      "dependencies": {
        "ws": "^8.21.1"
      }
    },
    "node_modules/ws": {
      "version": "8.22.0",
      "resolved": "https://registry.npmjs.org/ws/-/ws-8.22.0.tgz",
      "integrity": "sha512-Ydggc987+RO0AnWtZ/7Wq9FtNvcrL1b/RO0ud9mWjUPgDrsAAwQSF51sm2hm1XofbU/4jkpGEsLFsZZxU+1DOg==",
      "license": "MIT",
      "engines": {
        "node": ">=10.0.0"
      },
      "peerDependencies": {
        "bufferutil": "^4.0.1",
        "utf-8-validate": ">=5.0.2"
      },
      "peerDependenciesMeta": {
        "bufferutil": {
          "optional": true
        },
        "utf-8-validate": {
          "optional": true
        }
      }
    }
  }
}
